{
  "name": "Vote Project",
  "lockfileVersion": 3,
  "requires": true,
  "packages": {
    "": {
      "dependencies": {
        "@heroicons/react": "^2.2.0",
        "@tailwindcss/line-clamp": "^0.4.4",
        "react": "^18.2.0",
        "react-dom": "^18.2.0",
        "react-toastify": "^11.0.5",
        "sweetalert2": "^11.22.2"
      }
    },
    "node_modules/@heroicons/react": {
      "version": "2.2.0",
      "resolved": "https://registry.npmjs.org/@heroicons/react/-/react-2.2.0.tgz",
      "integrity": "sha512-LMcepvRaS9LYHJGsF0zzmgKCUim/X3N/DQKc4jepAXJ7l8QxJ1PmxJzqplF2Z3FE4PqBAIGyJAQ/w4B5dsqbtQ==",
      "license": "MIT",
      "peerDependencies": {
        "react": ">= 16 || ^19.0.0-rc"
      }
    },
    "node_modules/@tailwindcss/line-clamp": {
      "version": "0.4.4",
      "resolved": "https://registry.npmjs.org/@tailwindcss/line-clamp/-/line-clamp-0.4.4.tgz",
      "integrity": "sha512-5U6SY5z8N42VtrCrKlsTAA35gy2VSyYtHWCsg1H87NU1SXnEfekTVlrga9fzUDrrHcGi2Lb5KenUWb4lRQT5/g==",
      "license": "MIT",
      "peerDependencies": {
        "tailwindcss": ">=2.0.0 || >=3.0.0 || >=3.0.0-alpha.1"
      }
    },
    "node_modules/clsx": {
      "version": "2.1.1",
      "resolved": "https://registry.npmjs.org/clsx/-/clsx-2.1.1.tgz",
      "integrity": "sha512-eYm0QWBtUrBWZWG0d386OGAw16Z995PiOVo2B7bjWSbHedGl5e0ZWaq65kOGgUSNesEIDkB9ISbTg/JK9dhCZA==",
      "license": "MIT",
      "engines": {
        "node": ">=6"
      }
    },
    "node_modules/js-tokens": {
      "version": "4.0.0",
      "resolved": "https://registry.npmjs.org/js-tokens/-/js-tokens-4.0.0.tgz",
      "integrity": "sha512-RdJUflcE3cUzKiMqQgsCu06FPu9UdIJO0beYbPhHN4k6apgJtifcoCtT9bcxOpYBtpD2kCM6Sbzg4CausW/PKQ==",
      "license": "MIT"
    },
    "node_modules/loose-envify": {
      "version": "1.4.0",
      "resolved": "https://registry.npmjs.org/loose-envify/-/loose-envify-1.4.0.tgz",
      "integrity": "sha512-lyuxPGr/Wfhrlem2CL/UcnUc1zcqKAImBDzukY7Y5F/yQiNdko6+fRLevlw1HgMySw7f611UIY408EtxRSoK3Q==",
      "license": "MIT",
      "dependencies": {
        "js-tokens": "^3.0.0 || ^4.0.0"
      },
      "bin": {
        "loose-envify": "cli.js"
      }
    },
    "node_modules/react": {
      "version": "18.3.1",
      "resolved": "https://registry.npmjs.org/react/-/react-18.3.1.tgz",
      "integrity": "sha512-wS+hAgJShR0KhEvPJArfuPVN1+Hz1t0Y6n5jLrGQbkb4urgPE/0Rve+1kMB1v/oWgHgm4WIcV+i7F2pTVj+2iQ==",
      "license": "MIT",
      "dependencies": {
        "loose-envify": "^1.1.0"
      },
      "engines": {
        "node": ">=0.10.0"
      }
    },
    "node_modules/react-dom": {
      "version": "18.3.1",
      "resolved": "https://registry.npmjs.org/react-dom/-/react-dom-18.3.1.tgz",
      "integrity": "sha512-5m4nQKp+rZRb09LNH59GM4BxTh9251/ylbKIbpe7TpGxfJ+9kv6BLkLBXIjjspbgbnIBNqlI23tRnTWT0snUIw==",
      "license": "MIT",
      "dependencies": {
        "loose-envify": "^1.1.0",
        "scheduler": "^0.23.2"
      },
      "peerDependencies": {
        "react": "^18.3.1"
      }
    },
    "node_modules/react-toastify": {
      "version": "11.0.5",
      "resolved": "https://registry.npmjs.org/react-toastify/-/react-toastify-11.0.5.tgz",
      "integrity": "sha512-EpqHBGvnSTtHYhCPLxML05NLY2ZX0JURbAdNYa6BUkk+amz4wbKBQvoKQAB0ardvSarUBuY4Q4s1sluAzZwkmA==",
      "license": "MIT",
      "dependencies": {
        "clsx": "^2.1.1"
      },
      "peerDependencies": {
        "react": "^18 || ^19",
        "react-dom": "^18 || ^19"
      }
    },
    "node_modules/scheduler": {
      "version": "0.23.2",
      "resolved": "https://registry.npmjs.org/scheduler/-/scheduler-0.23.2.tgz",
      "integrity": "sha512-UOShsPwz7NrMUqhR6t0hWjFduvOzbtv7toDH1/hIrfRNIDBnnBWd0CwJTGvTpngVlmwGCdP9/Zl/tVrDqcuYzQ==",
      "license": "MIT",
      "dependencies": {
        "loose-envify": "^1.1.0"
      }
    },
    "node_modules/sweetalert2": {
      "version": "11.22.2",
      "resolved": "https://registry.npmjs.org/sweetalert2/-/sweetalert2-11.22.2.tgz",
      "integrity": "sha512-GFQGzw8ZXF23PO79WMAYXLl4zYmLiaKqYJwcp5eBF07wiI5BYPbZtKi2pcvVmfUQK+FqL1risJAMxugcPbGIyg==",
      "license": "MIT",
      "funding": {
        "type": "individual",
        "url": "https://github.com/sponsors/limonte"
      }
    },
    "node_modules/tailwindcss": {
      "version": "4.1.11",
      "resolved": "https://registry.npmjs.org/tailwindcss/-/tailwindcss-4.1.11.tgz",
      "integrity": "sha512-2E9TBm6MDD/xKYe+dvJZAmg3yxIEDNRc0jwlNyDg/4Fil2QcSLjFKGVff0lAf1jjeaArlG/M75Ey/EYr/OJtBA==",
      "license": "MIT",
      "peer": true
    }
  }
}
